
Microsoft Visual Studio Solution File, Format Version 12.00
# Visual Studio 14
VisualStudioVersion = 14.0.22129.1
MinimumVisualStudioVersion = 10.0.40219.1
Project("{FAE04EC0-301F-11D3-BF4B-00C04F79EFBC}") = "RoslynDemos.Demo1", "RoslynDemos.Demo1\DiagnosticAndCodeFix\RoslynDemos.Demo1.csproj", "{38730538-F7B8-4352-8358-BE3ED0CAC4BB}"
EndProject
Project("{2150E333-8FDC-42A3-9474-1A3956D46DE8}") = ".nuget", ".nuget", "{44050320-97F2-48DA-9D91-FF7DBA8C708B}"
	ProjectSection(SolutionItems) = preProject
		.nuget\packages.config = .nuget\packages.config
	EndProjectSection
EndProject
Project("{FAE04EC0-301F-11D3-BF4B-00C04F79EFBC}") = "RoslynDemos.Demo2", "RoslynDemos.Demo2\RoslynDemos.Demo2.csproj", "{7BF36489-BB30-40F3-9676-41D375A9A334}"
EndProject
Global
	GlobalSection(SolutionConfigurationPlatforms) = preSolution
		Debug|Any CPU = Debug|Any CPU
		Release|Any CPU = Release|Any CPU
	EndGlobalSection
	GlobalSection(ProjectConfigurationPlatforms) = postSolution
		{38730538-F7B8-4352-8358-BE3ED0CAC4BB}.Debug|Any CPU.ActiveCfg = Debug|Any CPU
		{38730538-F7B8-4352-8358-BE3ED0CAC4BB}.Debug|Any CPU.Build.0 = Debug|Any CPU
		{38730538-F7B8-4352-8358-BE3ED0CAC4BB}.Release|Any CPU.ActiveCfg = Release|Any CPU
		{38730538-F7B8-4352-8358-BE3ED0CAC4BB}.Release|Any CPU.Build.0 = Release|Any CPU
		{7BF36489-BB30-40F3-9676-41D375A9A334}.Debug|Any CPU.ActiveCfg = Debug|Any CPU
		{7BF36489-BB30-40F3-9676-41D375A9A334}.Debug|Any CPU.Build.0 = Debug|Any CPU
		{7BF36489-BB30-40F3-9676-41D375A9A334}.Release|Any CPU.ActiveCfg = Release|Any CPU
		{7BF36489-BB30-40F3-9676-41D375A9A334}.Release|Any CPU.Build.0 = Release|Any CPU
	EndGlobalSection
	GlobalSection(SolutionProperties) = preSolution
		HideSolutionNode = FALSE
	EndGlobalSection
EndGlobal
